
Microsoft Visual Studio Solution File, Format Version 12.00
# Visual Studio Version 17
VisualStudioVersion = 17.14.36401.2
MinimumVisualStudioVersion = 10.0.40219.1
Project("{F184B08F-C81C-45F6-A57F-5ABD9991F28F}") = "SL NET", "VPNClientApp\SL NET.vbproj", "{9B458FA0-6CB2-4EB3-9388-576968748627}"
EndProject
Global
	GlobalSection(SolutionConfigurationPlatforms) = preSolution
		Debug|Any CPU = Debug|Any CPU
		Release|Any CPU = Release|Any CPU
	EndGlobalSection
	GlobalSection(ProjectConfigurationPlatforms) = postSolution
		{9B458FA0-6CB2-4EB3-9388-576968748627}.Debug|Any CPU.ActiveCfg = Debug|Any CPU
		{9B458FA0-6CB2-4EB3-9388-576968748627}.Debug|Any CPU.Build.0 = Debug|Any CPU
		{9B458FA0-6CB2-4EB3-9388-576968748627}.Release|Any CPU.ActiveCfg = Release|Any CPU
		{9B458FA0-6CB2-4EB3-9388-576968748627}.Release|Any CPU.Build.0 = Release|Any CPU
	EndGlobalSection
	GlobalSection(SolutionProperties) = preSolution
		HideSolutionNode = FALSE
	EndGlobalSection
	GlobalSection(ExtensibilityGlobals) = postSolution
		SolutionGuid = {C8484B66-0A01-4FB8-B7DF-13DFE7DD5DF4}
	EndGlobalSection
EndGlobal
